
Microsoft Visual Studio Solution File, Format Version 12.00
# Visual Studio Version 16
VisualStudioVersion = 16.0.29905.134
MinimumVisualStudioVersion = 10.0.40219.1
Project("{9A19103F-16F7-4668-BE54-9A1E7A4F7556}") = "PathfinderIM.CLI", "PathfinderIM.CLI\PathfinderIM.CLI.csproj", "{E66C6BA1-7EDE-40B0-95A2-7DED46160E6D}"
EndProject
Project("{9A19103F-16F7-4668-BE54-9A1E7A4F7556}") = "PathfinderIM.DataAccess", "PathfinderIM.DataAccess\PathfinderIM.DataAccess.csproj", "{60F2E228-94AD-4A2E-BFC4-6033DC365F0C}"
EndProject
Project("{9A19103F-16F7-4668-BE54-9A1E7A4F7556}") = "PathfinderIM.Test", "PathfinderIM.Test\PathfinderIM.Test.csproj", "{D110E2F3-8D0D-47EE-BD1E-0DEB7C46D153}"
EndProject
Project("{9A19103F-16F7-4668-BE54-9A1E7A4F7556}") = "PathfinderIM.Entities", "PathfinderIM.Entities\PathfinderIM.Entities.csproj", "{04F400ED-BAB4-4C9D-B29E-EDA5FE2208E6}"
EndProject
Project("{FAE04EC0-301F-11D3-BF4B-00C04F79EFBC}") = "PathfinderIM.Utilities", "PathfinderIM.Utilities\PathfinderIM.Utilities.csproj", "{9EA79E28-D3F3-488F-9607-A889F9D0CC88}"
EndProject
Global
	GlobalSection(SolutionConfigurationPlatforms) = preSolution
		Debug|Any CPU = Debug|Any CPU
		Release|Any CPU = Release|Any CPU
	EndGlobalSection
	GlobalSection(ProjectConfigurationPlatforms) = postSolution
		{E66C6BA1-7EDE-40B0-95A2-7DED46160E6D}.Debug|Any CPU.ActiveCfg = Debug|Any CPU
		{E66C6BA1-7EDE-40B0-95A2-7DED46160E6D}.Debug|Any CPU.Build.0 = Debug|Any CPU
		{E66C6BA1-7EDE-40B0-95A2-7DED46160E6D}.Release|Any CPU.ActiveCfg = Release|Any CPU
		{E66C6BA1-7EDE-40B0-95A2-7DED46160E6D}.Release|Any CPU.Build.0 = Release|Any CPU
		{60F2E228-94AD-4A2E-BFC4-6033DC365F0C}.Debug|Any CPU.ActiveCfg = Debug|Any CPU
		{60F2E228-94AD-4A2E-BFC4-6033DC365F0C}.Debug|Any CPU.Build.0 = Debug|Any CPU
		{60F2E228-94AD-4A2E-BFC4-6033DC365F0C}.Release|Any CPU.ActiveCfg = Release|Any CPU
		{60F2E228-94AD-4A2E-BFC4-6033DC365F0C}.Release|Any CPU.Build.0 = Release|Any CPU
		{D110E2F3-8D0D-47EE-BD1E-0DEB7C46D153}.Debug|Any CPU.ActiveCfg = Debug|Any CPU
		{D110E2F3-8D0D-47EE-BD1E-0DEB7C46D153}.Debug|Any CPU.Build.0 = Debug|Any CPU
		{D110E2F3-8D0D-47EE-BD1E-0DEB7C46D153}.Release|Any CPU.ActiveCfg = Release|Any CPU
		{D110E2F3-8D0D-47EE-BD1E-0DEB7C46D153}.Release|Any CPU.Build.0 = Release|Any CPU
		{04F400ED-BAB4-4C9D-B29E-EDA5FE2208E6}.Debug|Any CPU.ActiveCfg = Debug|Any CPU
		{04F400ED-BAB4-4C9D-B29E-EDA5FE2208E6}.Debug|Any CPU.Build.0 = Debug|Any CPU
		{04F400ED-BAB4-4C9D-B29E-EDA5FE2208E6}.Release|Any CPU.ActiveCfg = Release|Any CPU
		{04F400ED-BAB4-4C9D-B29E-EDA5FE2208E6}.Release|Any CPU.Build.0 = Release|Any CPU
		{9EA79E28-D3F3-488F-9607-A889F9D0CC88}.Debug|Any CPU.ActiveCfg = Debug|Any CPU
		{9EA79E28-D3F3-488F-9607-A889F9D0CC88}.Debug|Any CPU.Build.0 = Debug|Any CPU
		{9EA79E28-D3F3-488F-9607-A889F9D0CC88}.Release|Any CPU.ActiveCfg = Release|Any CPU
		{9EA79E28-D3F3-488F-9607-A889F9D0CC88}.Release|Any CPU.Build.0 = Release|Any CPU
	EndGlobalSection
	GlobalSection(SolutionProperties) = preSolution
		HideSolutionNode = FALSE
	EndGlobalSection
	GlobalSection(ExtensibilityGlobals) = postSolution
		SolutionGuid = {DAD11588-544A-414A-A192-1CB6C32F36E6}
	EndGlobalSection
EndGlobal
