
Microsoft Visual Studio Solution File, Format Version 12.00
# Visual Studio Version 16
VisualStudioVersion = 16.0.30406.217
MinimumVisualStudioVersion = 10.0.40219.1
Project("{9A19103F-16F7-4668-BE54-9A1E7A4F7556}") = "PathfinderGenBlazor.App", "PathfinderGenBlazor.App\PathfinderGenBlazor.App.csproj", "{8FBC4056-16DD-44F3-8B22-C96049245C10}"
EndProject
Project("{9A19103F-16F7-4668-BE54-9A1E7A4F7556}") = "PathfinderGen.Library", "PathfinderGen.Library\PathfinderGen.Library.csproj", "{5B2417CD-C7D5-4F0D-B579-F8480884C690}"
EndProject
Global
	GlobalSection(SolutionConfigurationPlatforms) = preSolution
		Debug|Any CPU = Debug|Any CPU
		Release|Any CPU = Release|Any CPU
	EndGlobalSection
	GlobalSection(ProjectConfigurationPlatforms) = postSolution
		{8FBC4056-16DD-44F3-8B22-C96049245C10}.Debug|Any CPU.ActiveCfg = Debug|Any CPU
		{8FBC4056-16DD-44F3-8B22-C96049245C10}.Debug|Any CPU.Build.0 = Debug|Any CPU
		{8FBC4056-16DD-44F3-8B22-C96049245C10}.Release|Any CPU.ActiveCfg = Release|Any CPU
		{8FBC4056-16DD-44F3-8B22-C96049245C10}.Release|Any CPU.Build.0 = Release|Any CPU
		{5B2417CD-C7D5-4F0D-B579-F8480884C690}.Debug|Any CPU.ActiveCfg = Debug|Any CPU
		{5B2417CD-C7D5-4F0D-B579-F8480884C690}.Debug|Any CPU.Build.0 = Debug|Any CPU
		{5B2417CD-C7D5-4F0D-B579-F8480884C690}.Release|Any CPU.ActiveCfg = Release|Any CPU
		{5B2417CD-C7D5-4F0D-B579-F8480884C690}.Release|Any CPU.Build.0 = Release|Any CPU
	EndGlobalSection
	GlobalSection(SolutionProperties) = preSolution
		HideSolutionNode = FALSE
	EndGlobalSection
	GlobalSection(ExtensibilityGlobals) = postSolution
		SolutionGuid = {697C0F17-A30B-4668-B50D-0CE425CAC658}
	EndGlobalSection
EndGlobal
