
Microsoft Visual Studio Solution File, Format Version 12.00
# Visual Studio Version 16
VisualStudioVersion = 16.0.30002.166
MinimumVisualStudioVersion = 10.0.40219.1
Project("{9A19103F-16F7-4668-BE54-9A1E7A4F7556}") = "PathfinderTools.WebUI", "src\PathfinderTools.WebUI\PathfinderTools.WebUI.csproj", "{F6B36D88-A6F4-44D8-A406-6FA63E1D5A25}"
EndProject
Project("{9A19103F-16F7-4668-BE54-9A1E7A4F7556}") = "PathfinderTools.Domain", "src\PathfinderTools.Domain\PathfinderTools.Domain.csproj", "{717E20EA-BBB9-44C3-8EC8-4F6DA578C86A}"
EndProject
Project("{9A19103F-16F7-4668-BE54-9A1E7A4F7556}") = "PathfinderTools.Application", "src\PathfinderTools.Application\PathfinderTools.Application.csproj", "{E5AC9D9E-A473-4443-B9BB-3AD374D0863D}"
EndProject
Project("{9A19103F-16F7-4668-BE54-9A1E7A4F7556}") = "PathfinderTools.Infrastructure", "src\PathfinderTools.Infrastructure\PathfinderTools.Infrastructure.csproj", "{89965747-80F5-451A-AA91-F4F056FCD77F}"
EndProject
Global
	GlobalSection(SolutionConfigurationPlatforms) = preSolution
		Debug|Any CPU = Debug|Any CPU
		Release|Any CPU = Release|Any CPU
	EndGlobalSection
	GlobalSection(ProjectConfigurationPlatforms) = postSolution
		{F6B36D88-A6F4-44D8-A406-6FA63E1D5A25}.Debug|Any CPU.ActiveCfg = Debug|Any CPU
		{F6B36D88-A6F4-44D8-A406-6FA63E1D5A25}.Debug|Any CPU.Build.0 = Debug|Any CPU
		{F6B36D88-A6F4-44D8-A406-6FA63E1D5A25}.Release|Any CPU.ActiveCfg = Release|Any CPU
		{F6B36D88-A6F4-44D8-A406-6FA63E1D5A25}.Release|Any CPU.Build.0 = Release|Any CPU
		{717E20EA-BBB9-44C3-8EC8-4F6DA578C86A}.Debug|Any CPU.ActiveCfg = Debug|Any CPU
		{717E20EA-BBB9-44C3-8EC8-4F6DA578C86A}.Debug|Any CPU.Build.0 = Debug|Any CPU
		{717E20EA-BBB9-44C3-8EC8-4F6DA578C86A}.Release|Any CPU.ActiveCfg = Release|Any CPU
		{717E20EA-BBB9-44C3-8EC8-4F6DA578C86A}.Release|Any CPU.Build.0 = Release|Any CPU
		{E5AC9D9E-A473-4443-B9BB-3AD374D0863D}.Debug|Any CPU.ActiveCfg = Debug|Any CPU
		{E5AC9D9E-A473-4443-B9BB-3AD374D0863D}.Debug|Any CPU.Build.0 = Debug|Any CPU
		{E5AC9D9E-A473-4443-B9BB-3AD374D0863D}.Release|Any CPU.ActiveCfg = Release|Any CPU
		{E5AC9D9E-A473-4443-B9BB-3AD374D0863D}.Release|Any CPU.Build.0 = Release|Any CPU
		{89965747-80F5-451A-AA91-F4F056FCD77F}.Debug|Any CPU.ActiveCfg = Debug|Any CPU
		{89965747-80F5-451A-AA91-F4F056FCD77F}.Debug|Any CPU.Build.0 = Debug|Any CPU
		{89965747-80F5-451A-AA91-F4F056FCD77F}.Release|Any CPU.ActiveCfg = Release|Any CPU
		{89965747-80F5-451A-AA91-F4F056FCD77F}.Release|Any CPU.Build.0 = Release|Any CPU
	EndGlobalSection
	GlobalSection(SolutionProperties) = preSolution
		HideSolutionNode = FALSE
	EndGlobalSection
	GlobalSection(ExtensibilityGlobals) = postSolution
		SolutionGuid = {C9A58839-6DDF-4337-B195-95363664C132}
	EndGlobalSection
EndGlobal
