
Microsoft Visual Studio Solution File, Format Version 12.00
# Visual Studio Version 16
VisualStudioVersion = 16.0.30406.217
MinimumVisualStudioVersion = 10.0.40219.1
Project("{9A19103F-16F7-4668-BE54-9A1E7A4F7556}") = "PathfinderSheetDesktopUI", "PathfinderSheetDesktopUI\PathfinderSheetDesktopUI.csproj", "{A28C6890-DB80-47BE-9F6E-280243DFBB05}"
EndProject
Project("{9A19103F-16F7-4668-BE54-9A1E7A4F7556}") = "Pathfinder.Engine", "Pathfinder.Engine\Pathfinder.Engine.csproj", "{1D961778-F7C6-43FD-B632-BD79A23AF197}"
EndProject
Project("{9A19103F-16F7-4668-BE54-9A1E7A4F7556}") = "Pathfinder.Engine.UnitTests", "Pathfinder.Engine.UnitTests\Pathfinder.Engine.UnitTests.csproj", "{4326F55A-E708-4B10-8937-FC081C0507A4}"
EndProject
Project("{9A19103F-16F7-4668-BE54-9A1E7A4F7556}") = "TimCoreyWPFSample", "TimCoreyWPFSample\TimCoreyWPFSample.csproj", "{9A6613F9-3873-43C2-8605-ABDEE9EF9DC8}"
EndProject
Project("{9A19103F-16F7-4668-BE54-9A1E7A4F7556}") = "MvxTutorial.Core", "MvxTutorial.Core\MvxTutorial.Core.csproj", "{3E104F63-4085-4D16-A670-6C97D4D78B78}"
EndProject
Project("{2150E333-8FDC-42A3-9474-1A3956D46DE8}") = "Tutorial", "Tutorial", "{2BF70DA3-6C22-4208-9537-A94DDBC5AF94}"
EndProject
Project("{9A19103F-16F7-4668-BE54-9A1E7A4F7556}") = "MvxTutorial.WPF", "MvxTutorial.WPF\MvxTutorial.WPF.csproj", "{1FF9E02C-9C5D-4CCC-8D85-C9BB7BA8D07E}"
EndProject
Project("{2150E333-8FDC-42A3-9474-1A3956D46DE8}") = "MvvmCross", "MvvmCross", "{3F6FB359-6614-406F-81FF-27F1E034D8D0}"
EndProject
Project("{2150E333-8FDC-42A3-9474-1A3956D46DE8}") = "Others", "Others", "{7DA3CE35-F8F0-4D8B-8A6F-767B6F5276E9}"
EndProject
Project("{2150E333-8FDC-42A3-9474-1A3956D46DE8}") = "TimCorey", "TimCorey", "{9432C56D-4A16-463C-BEA5-AB769FFDF6B5}"
EndProject
Project("{2150E333-8FDC-42A3-9474-1A3956D46DE8}") = "AngelSix", "AngelSix", "{849A34F4-58B8-41E8-8153-6DB57F3AEF39}"
EndProject
Project("{9A19103F-16F7-4668-BE54-9A1E7A4F7556}") = "WpfBasics", "WpfBasics\WpfBasics.csproj", "{6876CBC8-0696-4147-A9F9-CF890DF5B15F}"
EndProject
Project("{2150E333-8FDC-42A3-9474-1A3956D46DE8}") = "One-Offs", "One-Offs", "{2B7FD331-C3EE-4E9E-867D-AB6CFBC11A02}"
EndProject
Project("{9A19103F-16F7-4668-BE54-9A1E7A4F7556}") = "WpfTreeView", "WpfTreeView\WpfTreeView.csproj", "{2CF8B838-DCAB-433A-8472-A672CDCB409D}"
EndProject
Project("{2150E333-8FDC-42A3-9474-1A3956D46DE8}") = "One-Offs", "One-Offs", "{4E1FFB15-765D-45F2-B2E2-32E4FB148DB6}"
EndProject
Project("{9A19103F-16F7-4668-BE54-9A1E7A4F7556}") = "SoMvvmDIExample", "SoMvvmDIExample\SoMvvmDIExample.csproj", "{A274E68A-C7C9-4550-AC19-D891F185227D}"
EndProject
Project("{2150E333-8FDC-42A3-9474-1A3956D46DE8}") = "CaliburnMicroMvvmDemo", "CaliburnMicroMvvmDemo", "{4332B7D7-AEAE-475A-A8F0-7649E68ABE7A}"
EndProject
Project("{FAE04EC0-301F-11D3-BF4B-00C04F79EFBC}") = "CaliburnWpf.Ui", "CaliburnWpf.Ui\CaliburnWpf.Ui.csproj", "{22258A1E-4FF1-4A87-BEE1-0FBB18FFCBDE}"
EndProject
Project("{FAE04EC0-301F-11D3-BF4B-00C04F79EFBC}") = "TutorialPoint.MvvmDemo.Wpf", "TutorialPoint.MvvmDemo.Wpf\TutorialPoint.MvvmDemo.Wpf.csproj", "{77D61D60-7FD9-45BE-B4FC-DA157129BDA4}"
EndProject
Project("{FAE04EC0-301F-11D3-BF4B-00C04F79EFBC}") = "TutorialPoint.Nav.Wpf", "TutorialPoint.Nav.Wpf\TutorialPoint.Nav.Wpf.csproj", "{D10E6D32-B58C-48F8-8F11-5064D5E0CE2A}"
EndProject
Global
	GlobalSection(SolutionConfigurationPlatforms) = preSolution
		Debug|Any CPU = Debug|Any CPU
		Release|Any CPU = Release|Any CPU
	EndGlobalSection
	GlobalSection(ProjectConfigurationPlatforms) = postSolution
		{A28C6890-DB80-47BE-9F6E-280243DFBB05}.Debug|Any CPU.ActiveCfg = Debug|Any CPU
		{A28C6890-DB80-47BE-9F6E-280243DFBB05}.Debug|Any CPU.Build.0 = Debug|Any CPU
		{A28C6890-DB80-47BE-9F6E-280243DFBB05}.Release|Any CPU.ActiveCfg = Release|Any CPU
		{A28C6890-DB80-47BE-9F6E-280243DFBB05}.Release|Any CPU.Build.0 = Release|Any CPU
		{1D961778-F7C6-43FD-B632-BD79A23AF197}.Debug|Any CPU.ActiveCfg = Debug|Any CPU
		{1D961778-F7C6-43FD-B632-BD79A23AF197}.Debug|Any CPU.Build.0 = Debug|Any CPU
		{1D961778-F7C6-43FD-B632-BD79A23AF197}.Release|Any CPU.ActiveCfg = Release|Any CPU
		{1D961778-F7C6-43FD-B632-BD79A23AF197}.Release|Any CPU.Build.0 = Release|Any CPU
		{4326F55A-E708-4B10-8937-FC081C0507A4}.Debug|Any CPU.ActiveCfg = Debug|Any CPU
		{4326F55A-E708-4B10-8937-FC081C0507A4}.Debug|Any CPU.Build.0 = Debug|Any CPU
		{4326F55A-E708-4B10-8937-FC081C0507A4}.Release|Any CPU.ActiveCfg = Release|Any CPU
		{4326F55A-E708-4B10-8937-FC081C0507A4}.Release|Any CPU.Build.0 = Release|Any CPU
		{9A6613F9-3873-43C2-8605-ABDEE9EF9DC8}.Debug|Any CPU.ActiveCfg = Debug|Any CPU
		{9A6613F9-3873-43C2-8605-ABDEE9EF9DC8}.Debug|Any CPU.Build.0 = Debug|Any CPU
		{9A6613F9-3873-43C2-8605-ABDEE9EF9DC8}.Release|Any CPU.ActiveCfg = Release|Any CPU
		{9A6613F9-3873-43C2-8605-ABDEE9EF9DC8}.Release|Any CPU.Build.0 = Release|Any CPU
		{3E104F63-4085-4D16-A670-6C97D4D78B78}.Debug|Any CPU.ActiveCfg = Debug|Any CPU
		{3E104F63-4085-4D16-A670-6C97D4D78B78}.Debug|Any CPU.Build.0 = Debug|Any CPU
		{3E104F63-4085-4D16-A670-6C97D4D78B78}.Release|Any CPU.ActiveCfg = Release|Any CPU
		{3E104F63-4085-4D16-A670-6C97D4D78B78}.Release|Any CPU.Build.0 = Release|Any CPU
		{1FF9E02C-9C5D-4CCC-8D85-C9BB7BA8D07E}.Debug|Any CPU.ActiveCfg = Debug|Any CPU
		{1FF9E02C-9C5D-4CCC-8D85-C9BB7BA8D07E}.Debug|Any CPU.Build.0 = Debug|Any CPU
		{1FF9E02C-9C5D-4CCC-8D85-C9BB7BA8D07E}.Release|Any CPU.ActiveCfg = Release|Any CPU
		{1FF9E02C-9C5D-4CCC-8D85-C9BB7BA8D07E}.Release|Any CPU.Build.0 = Release|Any CPU
		{6876CBC8-0696-4147-A9F9-CF890DF5B15F}.Debug|Any CPU.ActiveCfg = Debug|Any CPU
		{6876CBC8-0696-4147-A9F9-CF890DF5B15F}.Debug|Any CPU.Build.0 = Debug|Any CPU
		{6876CBC8-0696-4147-A9F9-CF890DF5B15F}.Release|Any CPU.ActiveCfg = Release|Any CPU
		{6876CBC8-0696-4147-A9F9-CF890DF5B15F}.Release|Any CPU.Build.0 = Release|Any CPU
		{2CF8B838-DCAB-433A-8472-A672CDCB409D}.Debug|Any CPU.ActiveCfg = Debug|Any CPU
		{2CF8B838-DCAB-433A-8472-A672CDCB409D}.Debug|Any CPU.Build.0 = Debug|Any CPU
		{2CF8B838-DCAB-433A-8472-A672CDCB409D}.Release|Any CPU.ActiveCfg = Release|Any CPU
		{2CF8B838-DCAB-433A-8472-A672CDCB409D}.Release|Any CPU.Build.0 = Release|Any CPU
		{A274E68A-C7C9-4550-AC19-D891F185227D}.Debug|Any CPU.ActiveCfg = Debug|Any CPU
		{A274E68A-C7C9-4550-AC19-D891F185227D}.Debug|Any CPU.Build.0 = Debug|Any CPU
		{A274E68A-C7C9-4550-AC19-D891F185227D}.Release|Any CPU.ActiveCfg = Release|Any CPU
		{A274E68A-C7C9-4550-AC19-D891F185227D}.Release|Any CPU.Build.0 = Release|Any CPU
		{22258A1E-4FF1-4A87-BEE1-0FBB18FFCBDE}.Debug|Any CPU.ActiveCfg = Debug|Any CPU
		{22258A1E-4FF1-4A87-BEE1-0FBB18FFCBDE}.Debug|Any CPU.Build.0 = Debug|Any CPU
		{22258A1E-4FF1-4A87-BEE1-0FBB18FFCBDE}.Release|Any CPU.ActiveCfg = Release|Any CPU
		{22258A1E-4FF1-4A87-BEE1-0FBB18FFCBDE}.Release|Any CPU.Build.0 = Release|Any CPU
		{77D61D60-7FD9-45BE-B4FC-DA157129BDA4}.Debug|Any CPU.ActiveCfg = Debug|Any CPU
		{77D61D60-7FD9-45BE-B4FC-DA157129BDA4}.Debug|Any CPU.Build.0 = Debug|Any CPU
		{77D61D60-7FD9-45BE-B4FC-DA157129BDA4}.Release|Any CPU.ActiveCfg = Release|Any CPU
		{77D61D60-7FD9-45BE-B4FC-DA157129BDA4}.Release|Any CPU.Build.0 = Release|Any CPU
		{D10E6D32-B58C-48F8-8F11-5064D5E0CE2A}.Debug|Any CPU.ActiveCfg = Debug|Any CPU
		{D10E6D32-B58C-48F8-8F11-5064D5E0CE2A}.Debug|Any CPU.Build.0 = Debug|Any CPU
		{D10E6D32-B58C-48F8-8F11-5064D5E0CE2A}.Release|Any CPU.ActiveCfg = Release|Any CPU
		{D10E6D32-B58C-48F8-8F11-5064D5E0CE2A}.Release|Any CPU.Build.0 = Release|Any CPU
	EndGlobalSection
	GlobalSection(SolutionProperties) = preSolution
		HideSolutionNode = FALSE
	EndGlobalSection
	GlobalSection(NestedProjects) = preSolution
		{9A6613F9-3873-43C2-8605-ABDEE9EF9DC8} = {7DA3CE35-F8F0-4D8B-8A6F-767B6F5276E9}
		{3E104F63-4085-4D16-A670-6C97D4D78B78} = {3F6FB359-6614-406F-81FF-27F1E034D8D0}
		{1FF9E02C-9C5D-4CCC-8D85-C9BB7BA8D07E} = {3F6FB359-6614-406F-81FF-27F1E034D8D0}
		{3F6FB359-6614-406F-81FF-27F1E034D8D0} = {9432C56D-4A16-463C-BEA5-AB769FFDF6B5}
		{7DA3CE35-F8F0-4D8B-8A6F-767B6F5276E9} = {9432C56D-4A16-463C-BEA5-AB769FFDF6B5}
		{9432C56D-4A16-463C-BEA5-AB769FFDF6B5} = {2BF70DA3-6C22-4208-9537-A94DDBC5AF94}
		{849A34F4-58B8-41E8-8153-6DB57F3AEF39} = {2BF70DA3-6C22-4208-9537-A94DDBC5AF94}
		{6876CBC8-0696-4147-A9F9-CF890DF5B15F} = {2B7FD331-C3EE-4E9E-867D-AB6CFBC11A02}
		{2B7FD331-C3EE-4E9E-867D-AB6CFBC11A02} = {849A34F4-58B8-41E8-8153-6DB57F3AEF39}
		{2CF8B838-DCAB-433A-8472-A672CDCB409D} = {849A34F4-58B8-41E8-8153-6DB57F3AEF39}
		{4E1FFB15-765D-45F2-B2E2-32E4FB148DB6} = {2BF70DA3-6C22-4208-9537-A94DDBC5AF94}
		{A274E68A-C7C9-4550-AC19-D891F185227D} = {4E1FFB15-765D-45F2-B2E2-32E4FB148DB6}
		{4332B7D7-AEAE-475A-A8F0-7649E68ABE7A} = {9432C56D-4A16-463C-BEA5-AB769FFDF6B5}
		{22258A1E-4FF1-4A87-BEE1-0FBB18FFCBDE} = {4332B7D7-AEAE-475A-A8F0-7649E68ABE7A}
		{77D61D60-7FD9-45BE-B4FC-DA157129BDA4} = {4E1FFB15-765D-45F2-B2E2-32E4FB148DB6}
		{D10E6D32-B58C-48F8-8F11-5064D5E0CE2A} = {4E1FFB15-765D-45F2-B2E2-32E4FB148DB6}
	EndGlobalSection
	GlobalSection(ExtensibilityGlobals) = postSolution
		SolutionGuid = {697C0F17-A30B-4668-B50D-0CE425CAC658}
	EndGlobalSection
EndGlobal
