
Microsoft Visual Studio Solution File, Format Version 12.00
# Visual Studio Version 17
VisualStudioVersion = 17.9.34728.123
MinimumVisualStudioVersion = 10.0.40219.1
Project("{9A19103F-16F7-4668-BE54-9A1E7A4F7556}") = "PathfinderCharGen.Web", "PathfinderCharGen.Web\PathfinderCharGen.Web.csproj", "{65579F6F-C8BF-4B72-9322-17A2A95233E3}"
EndProject
Project("{9A19103F-16F7-4668-BE54-9A1E7A4F7556}") = "PathfinderCharGen.RulesEngine", "PathfinderCharGen.RulesEngine\PathfinderCharGen.RulesEngine.csproj", "{BAFA1BCD-303E-440F-A086-079E85BB33EB}"
EndProject
Project("{9A19103F-16F7-4668-BE54-9A1E7A4F7556}") = "PathfinderCharGen.RulesEngine.Tests", "PathfinderCharGen.RulesEngine.Tests\PathfinderCharGen.RulesEngine.Tests.csproj", "{F577D8AC-55AE-437A-BE89-05D5C13AFD83}"
EndProject
Project("{FAE04EC0-301F-11D3-BF4B-00C04F79EFBC}") = "PathfinderCharGen.Console", "PathfinderCharGen.Console\PathfinderCharGen.Console.csproj", "{4852C4A7-C1C6-45BE-A1EA-9DE9F097BA55}"
EndProject
Project("{2150E333-8FDC-42A3-9474-1A3956D46DE8}") = "UI", "UI", "{EDD45EF6-8688-46AF-9D7C-6B243F59F7AB}"
EndProject
Project("{2150E333-8FDC-42A3-9474-1A3956D46DE8}") = "Tests", "Tests", "{1E3938D8-C9EB-48B2-BBD6-2AFF613DF0B0}"
EndProject
Global
	GlobalSection(SolutionConfigurationPlatforms) = preSolution
		Debug|Any CPU = Debug|Any CPU
		Release|Any CPU = Release|Any CPU
	EndGlobalSection
	GlobalSection(ProjectConfigurationPlatforms) = postSolution
		{65579F6F-C8BF-4B72-9322-17A2A95233E3}.Debug|Any CPU.ActiveCfg = Debug|Any CPU
		{65579F6F-C8BF-4B72-9322-17A2A95233E3}.Debug|Any CPU.Build.0 = Debug|Any CPU
		{65579F6F-C8BF-4B72-9322-17A2A95233E3}.Release|Any CPU.ActiveCfg = Release|Any CPU
		{65579F6F-C8BF-4B72-9322-17A2A95233E3}.Release|Any CPU.Build.0 = Release|Any CPU
		{BAFA1BCD-303E-440F-A086-079E85BB33EB}.Debug|Any CPU.ActiveCfg = Debug|Any CPU
		{BAFA1BCD-303E-440F-A086-079E85BB33EB}.Debug|Any CPU.Build.0 = Debug|Any CPU
		{BAFA1BCD-303E-440F-A086-079E85BB33EB}.Release|Any CPU.ActiveCfg = Release|Any CPU
		{BAFA1BCD-303E-440F-A086-079E85BB33EB}.Release|Any CPU.Build.0 = Release|Any CPU
		{F577D8AC-55AE-437A-BE89-05D5C13AFD83}.Debug|Any CPU.ActiveCfg = Debug|Any CPU
		{F577D8AC-55AE-437A-BE89-05D5C13AFD83}.Debug|Any CPU.Build.0 = Debug|Any CPU
		{F577D8AC-55AE-437A-BE89-05D5C13AFD83}.Release|Any CPU.ActiveCfg = Release|Any CPU
		{F577D8AC-55AE-437A-BE89-05D5C13AFD83}.Release|Any CPU.Build.0 = Release|Any CPU
		{4852C4A7-C1C6-45BE-A1EA-9DE9F097BA55}.Debug|Any CPU.ActiveCfg = Debug|Any CPU
		{4852C4A7-C1C6-45BE-A1EA-9DE9F097BA55}.Debug|Any CPU.Build.0 = Debug|Any CPU
		{4852C4A7-C1C6-45BE-A1EA-9DE9F097BA55}.Release|Any CPU.ActiveCfg = Release|Any CPU
		{4852C4A7-C1C6-45BE-A1EA-9DE9F097BA55}.Release|Any CPU.Build.0 = Release|Any CPU
	EndGlobalSection
	GlobalSection(SolutionProperties) = preSolution
		HideSolutionNode = FALSE
	EndGlobalSection
	GlobalSection(NestedProjects) = preSolution
		{65579F6F-C8BF-4B72-9322-17A2A95233E3} = {EDD45EF6-8688-46AF-9D7C-6B243F59F7AB}
		{F577D8AC-55AE-437A-BE89-05D5C13AFD83} = {1E3938D8-C9EB-48B2-BBD6-2AFF613DF0B0}
		{4852C4A7-C1C6-45BE-A1EA-9DE9F097BA55} = {EDD45EF6-8688-46AF-9D7C-6B243F59F7AB}
	EndGlobalSection
	GlobalSection(ExtensibilityGlobals) = postSolution
		SolutionGuid = {C8F9D309-C955-4DCF-A581-7438C83A23A9}
	EndGlobalSection
EndGlobal
